
Microsoft Visual Studio Solution File, Format Version 12.00
# Visual Studio Version 17
VisualStudioVersion = 17.12.35707.178
MinimumVisualStudioVersion = 10.0.40219.1
Project("{FAE04EC0-301F-11D3-BF4B-00C04F79EFBC}") = "CD-Cut", "CD-Cut\CD-Cut.csproj", "{F2B25FB4-B8DF-40CB-BC42-F9202C1C5944}"
EndProject
Global
	GlobalSection(SolutionConfigurationPlatforms) = preSolution
		Debug|Any CPU = Debug|Any CPU
		Release|Any CPU = Release|Any CPU
	EndGlobalSection
	GlobalSection(ProjectConfigurationPlatforms) = postSolution
		{F2B25FB4-B8DF-40CB-BC42-F9202C1C5944}.Debug|Any CPU.ActiveCfg = Debug|Any CPU
		{F2B25FB4-B8DF-40CB-BC42-F9202C1C5944}.Debug|Any CPU.Build.0 = Debug|Any CPU
		{F2B25FB4-B8DF-40CB-BC42-F9202C1C5944}.Release|Any CPU.ActiveCfg = Release|Any CPU
		{F2B25FB4-B8DF-40CB-BC42-F9202C1C5944}.Release|Any CPU.Build.0 = Release|Any CPU
	EndGlobalSection
	GlobalSection(SolutionProperties) = preSolution
		HideSolutionNode = FALSE
	EndGlobalSection
EndGlobal
